
Microsoft Visual Studio Solution File, Format Version 12.00
# Visual Studio Version 16
VisualStudioVersion = 16.0.29418.71
MinimumVisualStudioVersion = 10.0.40219.1
Project("{FAE04EC0-301F-11D3-BF4B-00C04F79EFBC}") = "WarriorsX", "WarriorsX\WarriorsX.csproj", "{063D66ED-0DB1-4AAF-823E-F3EE77BDB03E}"
EndProject
Project("{FAE04EC0-301F-11D3-BF4B-00C04F79EFBC}") = "Movement.Test", "Movement.Test\Movement.Test.csproj", "{7283AD78-7A33-4F48-9B32-60B6EEBD7399}"
EndProject
Global
	GlobalSection(SolutionConfigurationPlatforms) = preSolution
		Debug|Any CPU = Debug|Any CPU
		Release|Any CPU = Release|Any CPU
	EndGlobalSection
	GlobalSection(ProjectConfigurationPlatforms) = postSolution
		{063D66ED-0DB1-4AAF-823E-F3EE77BDB03E}.Debug|Any CPU.ActiveCfg = Debug|Any CPU
		{063D66ED-0DB1-4AAF-823E-F3EE77BDB03E}.Debug|Any CPU.Build.0 = Debug|Any CPU
		{063D66ED-0DB1-4AAF-823E-F3EE77BDB03E}.Release|Any CPU.ActiveCfg = Release|Any CPU
		{063D66ED-0DB1-4AAF-823E-F3EE77BDB03E}.Release|Any CPU.Build.0 = Release|Any CPU
		{7283AD78-7A33-4F48-9B32-60B6EEBD7399}.Debug|Any CPU.ActiveCfg = Debug|Any CPU
		{7283AD78-7A33-4F48-9B32-60B6EEBD7399}.Debug|Any CPU.Build.0 = Debug|Any CPU
		{7283AD78-7A33-4F48-9B32-60B6EEBD7399}.Release|Any CPU.ActiveCfg = Release|Any CPU
		{7283AD78-7A33-4F48-9B32-60B6EEBD7399}.Release|Any CPU.Build.0 = Release|Any CPU
	EndGlobalSection
	GlobalSection(SolutionProperties) = preSolution
		HideSolutionNode = FALSE
	EndGlobalSection
	GlobalSection(ExtensibilityGlobals) = postSolution
		SolutionGuid = {31B42067-5C02-4099-B0EE-33E099DF07FA}
	EndGlobalSection
EndGlobal
